
Microsoft Visual Studio Solution File, Format Version 12.00
# Visual Studio 15
VisualStudioVersion = 15.0.26730.12
MinimumVisualStudioVersion = 10.0.40219.1
Project("{FAE04EC0-301F-11D3-BF4B-00C04F79EFBC}") = "prac2.Android", "prac2\prac2.Android\prac2.Android.csproj", "{059C3461-A5BC-4EDB-ADA4-906CA445CB17}"
EndProject
Project("{FAE04EC0-301F-11D3-BF4B-00C04F79EFBC}") = "prac2", "prac2\prac2\prac2.csproj", "{98F4CFF8-3035-46FC-9AC7-69854EAB7CDF}"
EndProject
Project("{FAE04EC0-301F-11D3-BF4B-00C04F79EFBC}") = "prac2.UWP", "prac2\prac2.UWP\prac2.UWP.csproj", "{A5E52E64-9BFA-4938-8F50-61CB06B335BB}"
EndProject
Project("{FAE04EC0-301F-11D3-BF4B-00C04F79EFBC}") = "prac2.iOS", "prac2\prac2.iOS\prac2.iOS.csproj", "{87263B54-48CA-4F23-85E7-106EC6611F36}"
EndProject
Global
	GlobalSection(SolutionConfigurationPlatforms) = preSolution
		Ad-Hoc|Any CPU = Ad-Hoc|Any CPU
		Ad-Hoc|ARM = Ad-Hoc|ARM
		Ad-Hoc|iPhone = Ad-Hoc|iPhone
		Ad-Hoc|iPhoneSimulator = Ad-Hoc|iPhoneSimulator
		Ad-Hoc|x64 = Ad-Hoc|x64
		Ad-Hoc|x86 = Ad-Hoc|x86
		AppStore|Any CPU = AppStore|Any CPU
		AppStore|ARM = AppStore|ARM
		AppStore|iPhone = AppStore|iPhone
		AppStore|iPhoneSimulator = AppStore|iPhoneSimulator
		AppStore|x64 = AppStore|x64
		AppStore|x86 = AppStore|x86
		Debug|Any CPU = Debug|Any CPU
		Debug|ARM = Debug|ARM
		Debug|iPhone = Debug|iPhone
		Debug|iPhoneSimulator = Debug|iPhoneSimulator
		Debug|x64 = Debug|x64
		Debug|x86 = Debug|x86
		Release|Any CPU = Release|Any CPU
		Release|ARM = Release|ARM
		Release|iPhone = Release|iPhone
		Release|iPhoneSimulator = Release|iPhoneSimulator
		Release|x64 = Release|x64
		Release|x86 = Release|x86
	EndGlobalSection
	GlobalSection(ProjectConfigurationPlatforms) = postSolution
		{059C3461-A5BC-4EDB-ADA4-906CA445CB17}.Ad-Hoc|Any CPU.ActiveCfg = Release|Any CPU
		{059C3461-A5BC-4EDB-ADA4-906CA445CB17}.Ad-Hoc|Any CPU.Build.0 = Release|Any CPU
		{059C3461-A5BC-4EDB-ADA4-906CA445CB17}.Ad-Hoc|Any CPU.Deploy.0 = Release|Any CPU
		{059C3461-A5BC-4EDB-ADA4-906CA445CB17}.Ad-Hoc|ARM.ActiveCfg = Release|Any CPU
		{059C3461-A5BC-4EDB-ADA4-906CA445CB17}.Ad-Hoc|ARM.Build.0 = Release|Any CPU
		{059C3461-A5BC-4EDB-ADA4-906CA445CB17}.Ad-Hoc|ARM.Deploy.0 = Release|Any CPU
		{059C3461-A5BC-4EDB-ADA4-906CA445CB17}.Ad-Hoc|iPhone.ActiveCfg = Release|Any CPU
		{059C3461-A5BC-4EDB-ADA4-906CA445CB17}.Ad-Hoc|iPhone.Build.0 = Release|Any CPU
		{059C3461-A5BC-4EDB-ADA4-906CA445CB17}.Ad-Hoc|iPhone.Deploy.0 = Release|Any CPU
		{059C3461-A5BC-4EDB-ADA4-906CA445CB17}.Ad-Hoc|iPhoneSimulator.ActiveCfg = Release|Any CPU
		{059C3461-A5BC-4EDB-ADA4-906CA445CB17}.Ad-Hoc|iPhoneSimulator.Build.0 = Release|Any CPU
		{059C3461-A5BC-4EDB-ADA4-906CA445CB17}.Ad-Hoc|iPhoneSimulator.Deploy.0 = Release|Any CPU
		{059C3461-A5BC-4EDB-ADA4-906CA445CB17}.Ad-Hoc|x64.ActiveCfg = Release|Any CPU
		{059C3461-A5BC-4EDB-ADA4-906CA445CB17}.Ad-Hoc|x64.Build.0 = Release|Any CPU
		{059C3461-A5BC-4EDB-ADA4-906CA445CB17}.Ad-Hoc|x64.Deploy.0 = Release|Any CPU
		{059C3461-A5BC-4EDB-ADA4-906CA445CB17}.Ad-Hoc|x86.ActiveCfg = Release|Any CPU
		{059C3461-A5BC-4EDB-ADA4-906CA445CB17}.Ad-Hoc|x86.Build.0 = Release|Any CPU
		{059C3461-A5BC-4EDB-ADA4-906CA445CB17}.Ad-Hoc|x86.Deploy.0 = Release|Any CPU
		{059C3461-A5BC-4EDB-ADA4-906CA445CB17}.AppStore|Any CPU.ActiveCfg = Release|Any CPU
		{059C3461-A5BC-4EDB-ADA4-906CA445CB17}.AppStore|Any CPU.Build.0 = Release|Any CPU
		{059C3461-A5BC-4EDB-ADA4-906CA445CB17}.AppStore|Any CPU.Deploy.0 = Release|Any CPU
		{059C3461-A5BC-4EDB-ADA4-906CA445CB17}.AppStore|ARM.ActiveCfg = Release|Any CPU
		{059C3461-A5BC-4EDB-ADA4-906CA445CB17}.AppStore|ARM.Build.0 = Release|Any CPU
		{059C3461-A5BC-4EDB-ADA4-906CA445CB17}.AppStore|ARM.Deploy.0 = Release|Any CPU
		{059C3461-A5BC-4EDB-ADA4-906CA445CB17}.AppStore|iPhone.ActiveCfg = Release|Any CPU
		{059C3461-A5BC-4EDB-ADA4-906CA445CB17}.AppStore|iPhone.Build.0 = Release|Any CPU
		{059C3461-A5BC-4EDB-ADA4-906CA445CB17}.AppStore|iPhone.Deploy.0 = Release|Any CPU
		{059C3461-A5BC-4EDB-ADA4-906CA445CB17}.AppStore|iPhoneSimulator.ActiveCfg = Release|Any CPU
		{059C3461-A5BC-4EDB-ADA4-906CA445CB17}.AppStore|iPhoneSimulator.Build.0 = Release|Any CPU
		{059C3461-A5BC-4EDB-ADA4-906CA445CB17}.AppStore|iPhoneSimulator.Deploy.0 = Release|Any CPU
		{059C3461-A5BC-4EDB-ADA4-906CA445CB17}.AppStore|x64.ActiveCfg = Release|Any CPU
		{059C3461-A5BC-4EDB-ADA4-906CA445CB17}.AppStore|x64.Build.0 = Release|Any CPU
		{059C3461-A5BC-4EDB-ADA4-906CA445CB17}.AppStore|x64.Deploy.0 = Release|Any CPU
		{059C3461-A5BC-4EDB-ADA4-906CA445CB17}.AppStore|x86.ActiveCfg = Release|Any CPU
		{059C3461-A5BC-4EDB-ADA4-906CA445CB17}.AppStore|x86.Build.0 = Release|Any CPU
		{059C3461-A5BC-4EDB-ADA4-906CA445CB17}.AppStore|x86.Deploy.0 = Release|Any CPU
		{059C3461-A5BC-4EDB-ADA4-906CA445CB17}.Debug|Any CPU.ActiveCfg = Debug|Any CPU
		{059C3461-A5BC-4EDB-ADA4-906CA445CB17}.Debug|Any CPU.Build.0 = Debug|Any CPU
		{059C3461-A5BC-4EDB-ADA4-906CA445CB17}.Debug|Any CPU.Deploy.0 = Debug|Any CPU
		{059C3461-A5BC-4EDB-ADA4-906CA445CB17}.Debug|ARM.ActiveCfg = Debug|Any CPU
		{059C3461-A5BC-4EDB-ADA4-906CA445CB17}.Debug|ARM.Build.0 = Debug|Any CPU
		{059C3461-A5BC-4EDB-ADA4-906CA445CB17}.Debug|ARM.Deploy.0 = Debug|Any CPU
		{059C3461-A5BC-4EDB-ADA4-906CA445CB17}.Debug|iPhone.ActiveCfg = Debug|Any CPU
		{059C3461-A5BC-4EDB-ADA4-906CA445CB17}.Debug|iPhone.Build.0 = Debug|Any CPU
		{059C3461-A5BC-4EDB-ADA4-906CA445CB17}.Debug|iPhone.Deploy.0 = Debug|Any CPU
		{059C3461-A5BC-4EDB-ADA4-906CA445CB17}.Debug|iPhoneSimulator.ActiveCfg = Debug|Any CPU
		{059C3461-A5BC-4EDB-ADA4-906CA445CB17}.Debug|iPhoneSimulator.Build.0 = Debug|Any CPU
		{059C3461-A5BC-4EDB-ADA4-906CA445CB17}.Debug|iPhoneSimulator.Deploy.0 = Debug|Any CPU
		{059C3461-A5BC-4EDB-ADA4-906CA445CB17}.Debug|x64.ActiveCfg = Debug|Any CPU
		{059C3461-A5BC-4EDB-ADA4-906CA445CB17}.Debug|x64.Build.0 = Debug|Any CPU
		{059C3461-A5BC-4EDB-ADA4-906CA445CB17}.Debug|x64.Deploy.0 = Debug|Any CPU
		{059C3461-A5BC-4EDB-ADA4-906CA445CB17}.Debug|x86.ActiveCfg = Debug|Any CPU
		{059C3461-A5BC-4EDB-ADA4-906CA445CB17}.Debug|x86.Build.0 = Debug|Any CPU
		{059C3461-A5BC-4EDB-ADA4-906CA445CB17}.Debug|x86.Deploy.0 = Debug|Any CPU
		{059C3461-A5BC-4EDB-ADA4-906CA445CB17}.Release|Any CPU.ActiveCfg = Release|Any CPU
		{059C3461-A5BC-4EDB-ADA4-906CA445CB17}.Release|Any CPU.Build.0 = Release|Any CPU
		{059C3461-A5BC-4EDB-ADA4-906CA445CB17}.Release|Any CPU.Deploy.0 = Release|Any CPU
		{059C3461-A5BC-4EDB-ADA4-906CA445CB17}.Release|ARM.ActiveCfg = Release|Any CPU
		{059C3461-A5BC-4EDB-ADA4-906CA445CB17}.Release|ARM.Build.0 = Release|Any CPU
		{059C3461-A5BC-4EDB-ADA4-906CA445CB17}.Release|ARM.Deploy.0 = Release|Any CPU
		{059C3461-A5BC-4EDB-ADA4-906CA445CB17}.Release|iPhone.ActiveCfg = Release|Any CPU
		{059C3461-A5BC-4EDB-ADA4-906CA445CB17}.Release|iPhone.Build.0 = Release|Any CPU
		{059C3461-A5BC-4EDB-ADA4-906CA445CB17}.Release|iPhone.Deploy.0 = Release|Any CPU
		{059C3461-A5BC-4EDB-ADA4-906CA445CB17}.Release|iPhoneSimulator.ActiveCfg = Release|Any CPU
		{059C3461-A5BC-4EDB-ADA4-906CA445CB17}.Release|iPhoneSimulator.Build.0 = Release|Any CPU
		{059C3461-A5BC-4EDB-ADA4-906CA445CB17}.Release|iPhoneSimulator.Deploy.0 = Release|Any CPU
		{059C3461-A5BC-4EDB-ADA4-906CA445CB17}.Release|x64.ActiveCfg = Release|Any CPU
		{059C3461-A5BC-4EDB-ADA4-906CA445CB17}.Release|x64.Build.0 = Release|Any CPU
		{059C3461-A5BC-4EDB-ADA4-906CA445CB17}.Release|x64.Deploy.0 = Release|Any CPU
		{059C3461-A5BC-4EDB-ADA4-906CA445CB17}.Release|x86.ActiveCfg = Release|Any CPU
		{059C3461-A5BC-4EDB-ADA4-906CA445CB17}.Release|x86.Build.0 = Release|Any CPU
		{059C3461-A5BC-4EDB-ADA4-906CA445CB17}.Release|x86.Deploy.0 = Release|Any CPU
		{98F4CFF8-3035-46FC-9AC7-69854EAB7CDF}.Ad-Hoc|Any CPU.ActiveCfg = Release|Any CPU
		{98F4CFF8-3035-46FC-9AC7-69854EAB7CDF}.Ad-Hoc|Any CPU.Build.0 = Release|Any CPU
		{98F4CFF8-3035-46FC-9AC7-69854EAB7CDF}.Ad-Hoc|ARM.ActiveCfg = Release|Any CPU
		{98F4CFF8-3035-46FC-9AC7-69854EAB7CDF}.Ad-Hoc|ARM.Build.0 = Release|Any CPU
		{98F4CFF8-3035-46FC-9AC7-69854EAB7CDF}.Ad-Hoc|iPhone.ActiveCfg = Release|Any CPU
		{98F4CFF8-3035-46FC-9AC7-69854EAB7CDF}.Ad-Hoc|iPhone.Build.0 = Release|Any CPU
		{98F4CFF8-3035-46FC-9AC7-69854EAB7CDF}.Ad-Hoc|iPhoneSimulator.ActiveCfg = Release|Any CPU
		{98F4CFF8-3035-46FC-9AC7-69854EAB7CDF}.Ad-Hoc|iPhoneSimulator.Build.0 = Release|Any CPU
		{98F4CFF8-3035-46FC-9AC7-69854EAB7CDF}.Ad-Hoc|x64.ActiveCfg = Release|Any CPU
		{98F4CFF8-3035-46FC-9AC7-69854EAB7CDF}.Ad-Hoc|x64.Build.0 = Release|Any CPU
		{98F4CFF8-3035-46FC-9AC7-69854EAB7CDF}.Ad-Hoc|x86.ActiveCfg = Release|Any CPU
		{98F4CFF8-3035-46FC-9AC7-69854EAB7CDF}.Ad-Hoc|x86.Build.0 = Release|Any CPU
		{98F4CFF8-3035-46FC-9AC7-69854EAB7CDF}.AppStore|Any CPU.ActiveCfg = Release|Any CPU
		{98F4CFF8-3035-46FC-9AC7-69854EAB7CDF}.AppStore|Any CPU.Build.0 = Release|Any CPU
		{98F4CFF8-3035-46FC-9AC7-69854EAB7CDF}.AppStore|ARM.ActiveCfg = Release|Any CPU
		{98F4CFF8-3035-46FC-9AC7-69854EAB7CDF}.AppStore|ARM.Build.0 = Release|Any CPU
		{98F4CFF8-3035-46FC-9AC7-69854EAB7CDF}.AppStore|iPhone.ActiveCfg = Release|Any CPU
		{98F4CFF8-3035-46FC-9AC7-69854EAB7CDF}.AppStore|iPhone.Build.0 = Release|Any CPU
		{98F4CFF8-3035-46FC-9AC7-69854EAB7CDF}.AppStore|iPhoneSimulator.ActiveCfg = Release|Any CPU
		{98F4CFF8-3035-46FC-9AC7-69854EAB7CDF}.AppStore|iPhoneSimulator.Build.0 = Release|Any CPU
		{98F4CFF8-3035-46FC-9AC7-69854EAB7CDF}.AppStore|x64.ActiveCfg = Release|Any CPU
		{98F4CFF8-3035-46FC-9AC7-69854EAB7CDF}.AppStore|x64.Build.0 = Release|Any CPU
		{98F4CFF8-3035-46FC-9AC7-69854EAB7CDF}.AppStore|x86.ActiveCfg = Release|Any CPU
		{98F4CFF8-3035-46FC-9AC7-69854EAB7CDF}.AppStore|x86.Build.0 = Release|Any CPU
		{98F4CFF8-3035-46FC-9AC7-69854EAB7CDF}.Debug|Any CPU.ActiveCfg = Debug|Any CPU
		{98F4CFF8-3035-46FC-9AC7-69854EAB7CDF}.Debug|Any CPU.Build.0 = Debug|Any CPU
		{98F4CFF8-3035-46FC-9AC7-69854EAB7CDF}.Debug|ARM.ActiveCfg = Debug|Any CPU
		{98F4CFF8-3035-46FC-9AC7-69854EAB7CDF}.Debug|ARM.Build.0 = Debug|Any CPU
		{98F4CFF8-3035-46FC-9AC7-69854EAB7CDF}.Debug|iPhone.ActiveCfg = Debug|Any CPU
		{98F4CFF8-3035-46FC-9AC7-69854EAB7CDF}.Debug|iPhone.Build.0 = Debug|Any CPU
		{98F4CFF8-3035-46FC-9AC7-69854EAB7CDF}.Debug|iPhoneSimulator.ActiveCfg = Debug|Any CPU
		{98F4CFF8-3035-46FC-9AC7-69854EAB7CDF}.Debug|iPhoneSimulator.Build.0 = Debug|Any CPU
		{98F4CFF8-3035-46FC-9AC7-69854EAB7CDF}.Debug|x64.ActiveCfg = Debug|Any CPU
		{98F4CFF8-3035-46FC-9AC7-69854EAB7CDF}.Debug|x64.Build.0 = Debug|Any CPU
		{98F4CFF8-3035-46FC-9AC7-69854EAB7CDF}.Debug|x86.ActiveCfg = Debug|Any CPU
		{98F4CFF8-3035-46FC-9AC7-69854EAB7CDF}.Debug|x86.Build.0 = Debug|Any CPU
		{98F4CFF8-3035-46FC-9AC7-69854EAB7CDF}.Release|Any CPU.ActiveCfg = Release|Any CPU
		{98F4CFF8-3035-46FC-9AC7-69854EAB7CDF}.Release|Any CPU.Build.0 = Release|Any CPU
		{98F4CFF8-3035-46FC-9AC7-69854EAB7CDF}.Release|ARM.ActiveCfg = Release|Any CPU
		{98F4CFF8-3035-46FC-9AC7-69854EAB7CDF}.Release|ARM.Build.0 = Release|Any CPU
		{98F4CFF8-3035-46FC-9AC7-69854EAB7CDF}.Release|iPhone.ActiveCfg = Release|Any CPU
		{98F4CFF8-3035-46FC-9AC7-69854EAB7CDF}.Release|iPhone.Build.0 = Release|Any CPU
		{98F4CFF8-3035-46FC-9AC7-69854EAB7CDF}.Release|iPhoneSimulator.ActiveCfg = Release|Any CPU
		{98F4CFF8-3035-46FC-9AC7-69854EAB7CDF}.Release|iPhoneSimulator.Build.0 = Release|Any CPU
		{98F4CFF8-3035-46FC-9AC7-69854EAB7CDF}.Release|x64.ActiveCfg = Release|Any CPU
		{98F4CFF8-3035-46FC-9AC7-69854EAB7CDF}.Release|x64.Build.0 = Release|Any CPU
		{98F4CFF8-3035-46FC-9AC7-69854EAB7CDF}.Release|x86.ActiveCfg = Release|Any CPU
		{98F4CFF8-3035-46FC-9AC7-69854EAB7CDF}.Release|x86.Build.0 = Release|Any CPU
		{A5E52E64-9BFA-4938-8F50-61CB06B335BB}.Ad-Hoc|Any CPU.ActiveCfg = Release|x86
		{A5E52E64-9BFA-4938-8F50-61CB06B335BB}.Ad-Hoc|Any CPU.Build.0 = Release|x86
		{A5E52E64-9BFA-4938-8F50-61CB06B335BB}.Ad-Hoc|Any CPU.Deploy.0 = Release|x86
		{A5E52E64-9BFA-4938-8F50-61CB06B335BB}.Ad-Hoc|ARM.ActiveCfg = Release|ARM
		{A5E52E64-9BFA-4938-8F50-61CB06B335BB}.Ad-Hoc|ARM.Build.0 = Release|ARM
		{A5E52E64-9BFA-4938-8F50-61CB06B335BB}.Ad-Hoc|ARM.Deploy.0 = Release|ARM
		{A5E52E64-9BFA-4938-8F50-61CB06B335BB}.Ad-Hoc|iPhone.ActiveCfg = Release|x86
		{A5E52E64-9BFA-4938-8F50-61CB06B335BB}.Ad-Hoc|iPhone.Build.0 = Release|x86
		{A5E52E64-9BFA-4938-8F50-61CB06B335BB}.Ad-Hoc|iPhone.Deploy.0 = Release|x86
		{A5E52E64-9BFA-4938-8F50-61CB06B335BB}.Ad-Hoc|iPhoneSimulator.ActiveCfg = Release|x86
		{A5E52E64-9BFA-4938-8F50-61CB06B335BB}.Ad-Hoc|iPhoneSimulator.Build.0 = Release|x86
		{A5E52E64-9BFA-4938-8F50-61CB06B335BB}.Ad-Hoc|iPhoneSimulator.Deploy.0 = Release|x86
		{A5E52E64-9BFA-4938-8F50-61CB06B335BB}.Ad-Hoc|x64.ActiveCfg = Release|x64
		{A5E52E64-9BFA-4938-8F50-61CB06B335BB}.Ad-Hoc|x64.Build.0 = Release|x64
		{A5E52E64-9BFA-4938-8F50-61CB06B335BB}.Ad-Hoc|x64.Deploy.0 = Release|x64
		{A5E52E64-9BFA-4938-8F50-61CB06B335BB}.Ad-Hoc|x86.ActiveCfg = Release|x86
		{A5E52E64-9BFA-4938-8F50-61CB06B335BB}.Ad-Hoc|x86.Build.0 = Release|x86
		{A5E52E64-9BFA-4938-8F50-61CB06B335BB}.Ad-Hoc|x86.Deploy.0 = Release|x86
		{A5E52E64-9BFA-4938-8F50-61CB06B335BB}.AppStore|Any CPU.ActiveCfg = Release|x86
		{A5E52E64-9BFA-4938-8F50-61CB06B335BB}.AppStore|Any CPU.Build.0 = Release|x86
		{A5E52E64-9BFA-4938-8F50-61CB06B335BB}.AppStore|Any CPU.Deploy.0 = Release|x86
		{A5E52E64-9BFA-4938-8F50-61CB06B335BB}.AppStore|ARM.ActiveCfg = Release|ARM
		{A5E52E64-9BFA-4938-8F50-61CB06B335BB}.AppStore|ARM.Build.0 = Release|ARM
		{A5E52E64-9BFA-4938-8F50-61CB06B335BB}.AppStore|ARM.Deploy.0 = Release|ARM
		{A5E52E64-9BFA-4938-8F50-61CB06B335BB}.AppStore|iPhone.ActiveCfg = Release|x86
		{A5E52E64-9BFA-4938-8F50-61CB06B335BB}.AppStore|iPhone.Build.0 = Release|x86
		{A5E52E64-9BFA-4938-8F50-61CB06B335BB}.AppStore|iPhone.Deploy.0 = Release|x86
		{A5E52E64-9BFA-4938-8F50-61CB06B335BB}.AppStore|iPhoneSimulator.ActiveCfg = Release|x86
		{A5E52E64-9BFA-4938-8F50-61CB06B335BB}.AppStore|iPhoneSimulator.Build.0 = Release|x86
		{A5E52E64-9BFA-4938-8F50-61CB06B335BB}.AppStore|iPhoneSimulator.Deploy.0 = Release|x86
		{A5E52E64-9BFA-4938-8F50-61CB06B335BB}.AppStore|x64.ActiveCfg = Release|x64
		{A5E52E64-9BFA-4938-8F50-61CB06B335BB}.AppStore|x64.Build.0 = Release|x64
		{A5E52E64-9BFA-4938-8F50-61CB06B335BB}.AppStore|x64.Deploy.0 = Release|x64
		{A5E52E64-9BFA-4938-8F50-61CB06B335BB}.AppStore|x86.ActiveCfg = Release|x86
		{A5E52E64-9BFA-4938-8F50-61CB06B335BB}.AppStore|x86.Build.0 = Release|x86
		{A5E52E64-9BFA-4938-8F50-61CB06B335BB}.AppStore|x86.Deploy.0 = Release|x86
		{A5E52E64-9BFA-4938-8F50-61CB06B335BB}.Debug|Any CPU.ActiveCfg = Debug|x86
		{A5E52E64-9BFA-4938-8F50-61CB06B335BB}.Debug|ARM.ActiveCfg = Debug|ARM
		{A5E52E64-9BFA-4938-8F50-61CB06B335BB}.Debug|ARM.Build.0 = Debug|ARM
		{A5E52E64-9BFA-4938-8F50-61CB06B335BB}.Debug|ARM.Deploy.0 = Debug|ARM
		{A5E52E64-9BFA-4938-8F50-61CB06B335BB}.Debug|iPhone.ActiveCfg = Debug|x86
		{A5E52E64-9BFA-4938-8F50-61CB06B335BB}.Debug|iPhoneSimulator.ActiveCfg = Debug|x86
		{A5E52E64-9BFA-4938-8F50-61CB06B335BB}.Debug|x64.ActiveCfg = Debug|x64
		{A5E52E64-9BFA-4938-8F50-61CB06B335BB}.Debug|x64.Build.0 = Debug|x64
		{A5E52E64-9BFA-4938-8F50-61CB06B335BB}.Debug|x64.Deploy.0 = Debug|x64
		{A5E52E64-9BFA-4938-8F50-61CB06B335BB}.Debug|x86.ActiveCfg = Debug|x86
		{A5E52E64-9BFA-4938-8F50-61CB06B335BB}.Debug|x86.Build.0 = Debug|x86
		{A5E52E64-9BFA-4938-8F50-61CB06B335BB}.Debug|x86.Deploy.0 = Debug|x86
		{A5E52E64-9BFA-4938-8F50-61CB06B335BB}.Release|Any CPU.ActiveCfg = Release|x86
		{A5E52E64-9BFA-4938-8F50-61CB06B335BB}.Release|ARM.ActiveCfg = Release|ARM
		{A5E52E64-9BFA-4938-8F50-61CB06B335BB}.Release|ARM.Build.0 = Release|ARM
		{A5E52E64-9BFA-4938-8F50-61CB06B335BB}.Release|ARM.Deploy.0 = Release|ARM
		{A5E52E64-9BFA-4938-8F50-61CB06B335BB}.Release|iPhone.ActiveCfg = Release|x86
		{A5E52E64-9BFA-4938-8F50-61CB06B335BB}.Release|iPhoneSimulator.ActiveCfg = Release|x86
		{A5E52E64-9BFA-4938-8F50-61CB06B335BB}.Release|x64.ActiveCfg = Release|x64
		{A5E52E64-9BFA-4938-8F50-61CB06B335BB}.Release|x64.Build.0 = Release|x64
		{A5E52E64-9BFA-4938-8F50-61CB06B335BB}.Release|x64.Deploy.0 = Release|x64
		{A5E52E64-9BFA-4938-8F50-61CB06B335BB}.Release|x86.ActiveCfg = Release|x86
		{A5E52E64-9BFA-4938-8F50-61CB06B335BB}.Release|x86.Build.0 = Release|x86
		{A5E52E64-9BFA-4938-8F50-61CB06B335BB}.Release|x86.Deploy.0 = Release|x86
		{87263B54-48CA-4F23-85E7-106EC6611F36}.Ad-Hoc|Any CPU.ActiveCfg = Ad-Hoc|iPhone
		{87263B54-48CA-4F23-85E7-106EC6611F36}.Ad-Hoc|ARM.ActiveCfg = Ad-Hoc|iPhone
		{87263B54-48CA-4F23-85E7-106EC6611F36}.Ad-Hoc|iPhone.ActiveCfg = Ad-Hoc|iPhone
		{87263B54-48CA-4F23-85E7-106EC6611F36}.Ad-Hoc|iPhone.Build.0 = Ad-Hoc|iPhone
		{87263B54-48CA-4F23-85E7-106EC6611F36}.Ad-Hoc|iPhoneSimulator.ActiveCfg = Ad-Hoc|iPhoneSimulator
		{87263B54-48CA-4F23-85E7-106EC6611F36}.Ad-Hoc|iPhoneSimulator.Build.0 = Ad-Hoc|iPhoneSimulator
		{87263B54-48CA-4F23-85E7-106EC6611F36}.Ad-Hoc|x64.ActiveCfg = Ad-Hoc|iPhone
		{87263B54-48CA-4F23-85E7-106EC6611F36}.Ad-Hoc|x86.ActiveCfg = Ad-Hoc|iPhone
		{87263B54-48CA-4F23-85E7-106EC6611F36}.AppStore|Any CPU.ActiveCfg = AppStore|iPhone
		{87263B54-48CA-4F23-85E7-106EC6611F36}.AppStore|ARM.ActiveCfg = AppStore|iPhone
		{87263B54-48CA-4F23-85E7-106EC6611F36}.AppStore|iPhone.ActiveCfg = AppStore|iPhone
		{87263B54-48CA-4F23-85E7-106EC6611F36}.AppStore|iPhone.Build.0 = AppStore|iPhone
		{87263B54-48CA-4F23-85E7-106EC6611F36}.AppStore|iPhoneSimulator.ActiveCfg = AppStore|iPhoneSimulator
		{87263B54-48CA-4F23-85E7-106EC6611F36}.AppStore|iPhoneSimulator.Build.0 = AppStore|iPhoneSimulator
		{87263B54-48CA-4F23-85E7-106EC6611F36}.AppStore|x64.ActiveCfg = AppStore|iPhone
		{87263B54-48CA-4F23-85E7-106EC6611F36}.AppStore|x86.ActiveCfg = AppStore|iPhone
		{87263B54-48CA-4F23-85E7-106EC6611F36}.Debug|Any CPU.ActiveCfg = Debug|iPhone
		{87263B54-48CA-4F23-85E7-106EC6611F36}.Debug|ARM.ActiveCfg = Debug|iPhone
		{87263B54-48CA-4F23-85E7-106EC6611F36}.Debug|iPhone.ActiveCfg = Debug|iPhone
		{87263B54-48CA-4F23-85E7-106EC6611F36}.Debug|iPhone.Build.0 = Debug|iPhone
		{87263B54-48CA-4F23-85E7-106EC6611F36}.Debug|iPhoneSimulator.ActiveCfg = Debug|iPhoneSimulator
		{87263B54-48CA-4F23-85E7-106EC6611F36}.Debug|iPhoneSimulator.Build.0 = Debug|iPhoneSimulator
		{87263B54-48CA-4F23-85E7-106EC6611F36}.Debug|x64.ActiveCfg = Debug|iPhone
		{87263B54-48CA-4F23-85E7-106EC6611F36}.Debug|x86.ActiveCfg = Debug|iPhone
		{87263B54-48CA-4F23-85E7-106EC6611F36}.Release|Any CPU.ActiveCfg = Release|iPhone
		{87263B54-48CA-4F23-85E7-106EC6611F36}.Release|ARM.ActiveCfg = Release|iPhone
		{87263B54-48CA-4F23-85E7-106EC6611F36}.Release|iPhone.ActiveCfg = Release|iPhone
		{87263B54-48CA-4F23-85E7-106EC6611F36}.Release|iPhone.Build.0 = Release|iPhone
		{87263B54-48CA-4F23-85E7-106EC6611F36}.Release|iPhoneSimulator.ActiveCfg = Release|iPhoneSimulator
		{87263B54-48CA-4F23-85E7-106EC6611F36}.Release|iPhoneSimulator.Build.0 = Release|iPhoneSimulator
		{87263B54-48CA-4F23-85E7-106EC6611F36}.Release|x64.ActiveCfg = Release|iPhone
		{87263B54-48CA-4F23-85E7-106EC6611F36}.Release|x86.ActiveCfg = Release|iPhone
	EndGlobalSection
	GlobalSection(SolutionProperties) = preSolution
		HideSolutionNode = FALSE
	EndGlobalSection
	GlobalSection(ExtensibilityGlobals) = postSolution
		SolutionGuid = {BD5C0BC2-9872-4FB5-94A2-0F7927A8F6FF}
	EndGlobalSection
EndGlobal
